
Microsoft Visual Studio Solution File, Format Version 12.00
# Visual Studio Version 17
VisualStudioVersion = 17.4.33213.308
MinimumVisualStudioVersion = 10.0.40219.1
Project("{FAE04EC0-301F-11D3-BF4B-00C04F79EFBC}") = "ConsoleApp3", "ConsoleApp3\ConsoleApp3.csproj", "{3E2C16B5-0508-4E93-B6B8-17423E01A878}"
EndProject
Global
	GlobalSection(SolutionConfigurationPlatforms) = preSolution
		Debug|Any CPU = Debug|Any CPU
		Release|Any CPU = Release|Any CPU
	EndGlobalSection
	GlobalSection(ProjectConfigurationPlatforms) = postSolution
		{3E2C16B5-0508-4E93-B6B8-17423E01A878}.Debug|Any CPU.ActiveCfg = Debug|Any CPU
		{3E2C16B5-0508-4E93-B6B8-17423E01A878}.Debug|Any CPU.Build.0 = Debug|Any CPU
		{3E2C16B5-0508-4E93-B6B8-17423E01A878}.Release|Any CPU.ActiveCfg = Release|Any CPU
		{3E2C16B5-0508-4E93-B6B8-17423E01A878}.Release|Any CPU.Build.0 = Release|Any CPU
	EndGlobalSection
	GlobalSection(SolutionProperties) = preSolution
		HideSolutionNode = FALSE
	EndGlobalSection
	GlobalSection(ExtensibilityGlobals) = postSolution
		SolutionGuid = {AC3177C2-ABB3-4F66-A09E-AEE50DC725EC}
	EndGlobalSection
EndGlobal
